// !$*UTF8*$!
{
	archiveVersion = 1;
	classes = {
	};
	objectVersion = 56;
	objects = {

/* Begin PBXBuildFile section */
		460403E92BFCF88200E34E3B /* NoteModel.swift in Sources */ = {isa = PBXBuildFile; fileRef = 460403E82BFCF88200E34E3B /* NoteModel.swift */; };
		460403EC2BFCF9E400E34E3B /* NoteDetailViewController.swift in Sources */ = {isa = PBXBuildFile; fileRef = 460403EB2BFCF9E400E34E3B /* NoteDetailViewController.swift */; };
		460403F72BFCFBDC00E34E3B /* NoteCellCollectionViewCell.xib in Resources */ = {isa = PBXBuildFile; fileRef = 460403F62BFCFBDC00E34E3B /* NoteCellCollectionViewCell.xib */; };
		460403F82BFCFBDC00E34E3B /* NoteCellCollectionViewCell.swift in Sources */ = {isa = PBXBuildFile; fileRef = 460403F52BFCFBDC00E34E3B /* NoteCellCollectionViewCell.swift */; };
		4679C6EE2BFA4F6A009FCCAF /* AppDelegate.swift in Sources */ = {isa = PBXBuildFile; fileRef = 4679C6ED2BFA4F6A009FCCAF /* AppDelegate.swift */; };
		4679C6F02BFA4F6A009FCCAF /* SceneDelegate.swift in Sources */ = {isa = PBXBuildFile; fileRef = 4679C6EF2BFA4F6A009FCCAF /* SceneDelegate.swift */; };
		4679C6F52BFA4F6A009FCCAF /* Base in Resources */ = {isa = PBXBuildFile; fileRef = 4679C6F42BFA4F6A009FCCAF /* Base */; };
		4679C6F72BFA4F6C009FCCAF /* Assets.xcassets in Resources */ = {isa = PBXBuildFile; fileRef = 4679C6F62BFA4F6C009FCCAF /* Assets.xcassets */; };
		4679C6FA2BFA4F6C009FCCAF /* Base in Resources */ = {isa = PBXBuildFile; fileRef = 4679C6F92BFA4F6C009FCCAF /* Base */; };
		4679C7042BFA4FD5009FCCAF /* SettingViewController.swift in Sources */ = {isa = PBXBuildFile; fileRef = 4679C7012BFA4FD5009FCCAF /* SettingViewController.swift */; };
		4679C7052BFA4FD5009FCCAF /* LoginViewController.swift in Sources */ = {isa = PBXBuildFile; fileRef = 4679C7022BFA4FD5009FCCAF /* LoginViewController.swift */; };
		4679C7062BFA4FD5009FCCAF /* NoteViewController.swift in Sources */ = {isa = PBXBuildFile; fileRef = 4679C7032BFA4FD5009FCCAF /* NoteViewController.swift */; };
		4679C7082BFA540F009FCCAF /* TabbarViewController.swift in Sources */ = {isa = PBXBuildFile; fileRef = 4679C7072BFA540F009FCCAF /* TabbarViewController.swift */; };
		4679C7112BFA575D009FCCAF /* CreateNoteViewController.swift in Sources */ = {isa = PBXBuildFile; fileRef = 4679C7102BFA575D009FCCAF /* CreateNoteViewController.swift */; };
/* End PBXBuildFile section */

/* Begin PBXFileReference section */
		460403E82BFCF88200E34E3B /* NoteModel.swift */ = {isa = PBXFileReference; lastKnownFileType = sourcecode.swift; path = NoteModel.swift; sourceTree = "<group>"; };
		460403EB2BFCF9E400E34E3B /* NoteDetailViewController.swift */ = {isa = PBXFileReference; lastKnownFileType = sourcecode.swift; path = NoteDetailViewController.swift; sourceTree = "<group>"; };
		460403F52BFCFBDC00E34E3B /* NoteCellCollectionViewCell.swift */ = {isa = PBXFileReference; lastKnownFileType = sourcecode.swift; path = NoteCellCollectionViewCell.swift; sourceTree = "<group>"; };
		460403F62BFCFBDC00E34E3B /* NoteCellCollectionViewCell.xib */ = {isa = PBXFileReference; lastKnownFileType = file.xib; path = NoteCellCollectionViewCell.xib; sourceTree = "<group>"; };
		4679C6EA2BFA4F6A009FCCAF /* Note.app */ = {isa = PBXFileReference; explicitFileType = wrapper.application; includeInIndex = 0; path = Note.app; sourceTree = BUILT_PRODUCTS_DIR; };
		4679C6ED2BFA4F6A009FCCAF /* AppDelegate.swift */ = {isa = PBXFileReference; lastKnownFileType = sourcecode.swift; path = AppDelegate.swift; sourceTree = "<group>"; };
		4679C6EF2BFA4F6A009FCCAF /* SceneDelegate.swift */ = {isa = PBXFileReference; lastKnownFileType = sourcecode.swift; path = SceneDelegate.swift; sourceTree = "<group>"; };
		4679C6F42BFA4F6A009FCCAF /* Base */ = {isa = PBXFileReference; lastKnownFileType = file.storyboard; name = Base; path = Base.lproj/Main.storyboard; sourceTree = "<group>"; };
		4679C6F62BFA4F6C009FCCAF /* Assets.xcassets */ = {isa = PBXFileReference; lastKnownFileType = folder.assetcatalog; path = Assets.xcassets; sourceTree = "<group>"; };
		4679C6F92BFA4F6C009FCCAF /* Base */ = {isa = PBXFileReference; lastKnownFileType = file.storyboard; name = Base; path = Base.lproj/LaunchScreen.storyboard; sourceTree = "<group>"; };
		4679C6FB2BFA4F6C009FCCAF /* Info.plist */ = {isa = PBXFileReference; lastKnownFileType = text.plist.xml; path = Info.plist; sourceTree = "<group>"; };
		4679C7012BFA4FD5009FCCAF /* SettingViewController.swift */ = {isa = PBXFileReference; fileEncoding = 4; lastKnownFileType = sourcecode.swift; path = SettingViewController.swift; sourceTree = "<group>"; };
		4679C7022BFA4FD5009FCCAF /* LoginViewController.swift */ = {isa = PBXFileReference; fileEncoding = 4; lastKnownFileType = sourcecode.swift; path = LoginViewController.swift; sourceTree = "<group>"; };
		4679C7032BFA4FD5009FCCAF /* NoteViewController.swift */ = {isa = PBXFileReference; fileEncoding = 4; lastKnownFileType = sourcecode.swift; path = NoteViewController.swift; sourceTree = "<group>"; };
		4679C7072BFA540F009FCCAF /* TabbarViewController.swift */ = {isa = PBXFileReference; lastKnownFileType = sourcecode.swift; path = TabbarViewController.swift; sourceTree = "<group>"; };
		4679C7102BFA575D009FCCAF /* CreateNoteViewController.swift */ = {isa = PBXFileReference; lastKnownFileType = sourcecode.swift; path = CreateNoteViewController.swift; sourceTree = "<group>"; };
/* End PBXFileReference section */

/* Begin PBXFrameworksBuildPhase section */
		4679C6E72BFA4F6A009FCCAF /* Frameworks */ = {
			isa = PBXFrameworksBuildPhase;
			buildActionMask = 2147483647;
			files = (
			);
			runOnlyForDeploymentPostprocessing = 0;
		};
/* End PBXFrameworksBuildPhase section */

/* Begin PBXGroup section */
		460403E72BFCF87000E34E3B /* Model */ = {
			isa = PBXGroup;
			children = (
				460403E82BFCF88200E34E3B /* NoteModel.swift */,
			);
			path = Model;
			sourceTree = "<group>";
		};
		460403EA2BFCF9CB00E34E3B /* View */ = {
			isa = PBXGroup;
			children = (
				4679C7032BFA4FD5009FCCAF /* NoteViewController.swift */,
				4679C7102BFA575D009FCCAF /* CreateNoteViewController.swift */,
				460403EB2BFCF9E400E34E3B /* NoteDetailViewController.swift */,
				460403F52BFCFBDC00E34E3B /* NoteCellCollectionViewCell.swift */,
				460403F62BFCFBDC00E34E3B /* NoteCellCollectionViewCell.xib */,
			);
			path = View;
			sourceTree = "<group>";
		};
		4679C6E12BFA4F6A009FCCAF = {
			isa = PBXGroup;
			children = (
				4679C6EC2BFA4F6A009FCCAF /* Note */,
				4679C6EB2BFA4F6A009FCCAF /* Products */,
			);
			sourceTree = "<group>";
		};
		4679C6EB2BFA4F6A009FCCAF /* Products */ = {
			isa = PBXGroup;
			children = (
				4679C6EA2BFA4F6A009FCCAF /* Note.app */,
			);
			name = Products;
			sourceTree = "<group>";
		};
		4679C6EC2BFA4F6A009FCCAF /* Note */ = {
			isa = PBXGroup;
			children = (
				4679C70B2BFA56BB009FCCAF /* Auth */,
				4679C70A2BFA56B1009FCCAF /* Setting */,
				4679C7092BFA5694009FCCAF /* Note  */,
				4679C6ED2BFA4F6A009FCCAF /* AppDelegate.swift */,
				4679C6EF2BFA4F6A009FCCAF /* SceneDelegate.swift */,
				4679C6F32BFA4F6A009FCCAF /* Main.storyboard */,
				4679C6F62BFA4F6C009FCCAF /* Assets.xcassets */,
				4679C6F82BFA4F6C009FCCAF /* LaunchScreen.storyboard */,
				4679C6FB2BFA4F6C009FCCAF /* Info.plist */,
				4679C7072BFA540F009FCCAF /* TabbarViewController.swift */,
			);
			path = Note;
			sourceTree = "<group>";
		};
		4679C7092BFA5694009FCCAF /* Note  */ = {
			isa = PBXGroup;
			children = (
				460403EA2BFCF9CB00E34E3B /* View */,
				460403E72BFCF87000E34E3B /* Model */,
			);
			path = "Note ";
			sourceTree = "<group>";
		};
		4679C70A2BFA56B1009FCCAF /* Setting */ = {
			isa = PBXGroup;
			children = (
				4679C7012BFA4FD5009FCCAF /* SettingViewController.swift */,
			);
			path = Setting;
			sourceTree = "<group>";
		};
		4679C70B2BFA56BB009FCCAF /* Auth */ = {
			isa = PBXGroup;
			children = (
				4679C7022BFA4FD5009FCCAF /* LoginViewController.swift */,
			);
			path = Auth;
			sourceTree = "<group>";
		};
/* End PBXGroup section */

/* Begin PBXNativeTarget section */
		4679C6E92BFA4F6A009FCCAF /* Note */ = {
			isa = PBXNativeTarget;
			buildConfigurationList = 4679C6FE2BFA4F6C009FCCAF /* Build configuration list for PBXNativeTarget "Note" */;
			buildPhases = (
				4679C6E62BFA4F6A009FCCAF /* Sources */,
				4679C6E72BFA4F6A009FCCAF /* Frameworks */,
				4679C6E82BFA4F6A009FCCAF /* Resources */,
			);
			buildRules = (
			);
			dependencies = (
			);
			name = Note;
			productName = Note;
			productReference = 4679C6EA2BFA4F6A009FCCAF /* Note.app */;
			productType = "com.apple.product-type.application";
		};
/* End PBXNativeTarget section */

/* Begin PBXProject section */
		4679C6E22BFA4F6A009FCCAF /* Project object */ = {
			isa = PBXProject;
			attributes = {
				BuildIndependentTargetsInParallel = 1;
				LastSwiftUpdateCheck = 1530;
				LastUpgradeCheck = 1530;
				TargetAttributes = {
					4679C6E92BFA4F6A009FCCAF = {
						CreatedOnToolsVersion = 15.3;
					};
				};
			};
			buildConfigurationList = 4679C6E52BFA4F6A009FCCAF /* Build configuration list for PBXProject "Note" */;
			compatibilityVersion = "Xcode 14.0";
			developmentRegion = en;
			hasScannedForEncodings = 0;
			knownRegions = (
				en,
				Base,
			);
			mainGroup = 4679C6E12BFA4F6A009FCCAF;
			productRefGroup = 4679C6EB2BFA4F6A009FCCAF /* Products */;
			projectDirPath = "";
			projectRoot = "";
			targets = (
				4679C6E92BFA4F6A009FCCAF /* Note */,
			);
		};
/* End PBXProject section */

/* Begin PBXResourcesBuildPhase section */
		4679C6E82BFA4F6A009FCCAF /* Resources */ = {
			isa = PBXResourcesBuildPhase;
			buildActionMask = 2147483647;
			files = (
				460403F72BFCFBDC00E34E3B /* NoteCellCollectionViewCell.xib in Resources */,
				4679C6F72BFA4F6C009FCCAF /* Assets.xcassets in Resources */,
				4679C6FA2BFA4F6C009FCCAF /* Base in Resources */,
				4679C6F52BFA4F6A009FCCAF /* Base in Resources */,
			);
			runOnlyForDeploymentPostprocessing = 0;
		};
/* End PBXResourcesBuildPhase section */

/* Begin PBXSourcesBuildPhase section */
		4679C6E62BFA4F6A009FCCAF /* Sources */ = {
			isa = PBXSourcesBuildPhase;
			buildActionMask = 2147483647;
			files = (
				4679C6EE2BFA4F6A009FCCAF /* AppDelegate.swift in Sources */,
				460403E92BFCF88200E34E3B /* NoteModel.swift in Sources */,
				460403F82BFCFBDC00E34E3B /* NoteCellCollectionViewCell.swift in Sources */,
				460403EC2BFCF9E400E34E3B /* NoteDetailViewController.swift in Sources */,
				4679C7082BFA540F009FCCAF /* TabbarViewController.swift in Sources */,
				4679C6F02BFA4F6A009FCCAF /* SceneDelegate.swift in Sources */,
				4679C7052BFA4FD5009FCCAF /* LoginViewController.swift in Sources */,
				4679C7062BFA4FD5009FCCAF /* NoteViewController.swift in Sources */,
				4679C7112BFA575D009FCCAF /* CreateNoteViewController.swift in Sources */,
				4679C7042BFA4FD5009FCCAF /* SettingViewController.swift in Sources */,
			);
			runOnlyForDeploymentPostprocessing = 0;
		};
/* End PBXSourcesBuildPhase section */

/* Begin PBXVariantGroup section */
		4679C6F32BFA4F6A009FCCAF /* Main.storyboard */ = {
			isa = PBXVariantGroup;
			children = (
				4679C6F42BFA4F6A009FCCAF /* Base */,
			);
			name = Main.storyboard;
			sourceTree = "<group>";
		};
		4679C6F82BFA4F6C009FCCAF /* LaunchScreen.storyboard */ = {
			isa = PBXVariantGroup;
			children = (
				4679C6F92BFA4F6C009FCCAF /* Base */,
			);
			name = LaunchScreen.storyboard;
			sourceTree = "<group>";
		};
/* End PBXVariantGroup section */

/* Begin XCBuildConfiguration section */
		4679C6FC2BFA4F6C009FCCAF /* Debug */ = {
			isa = XCBuildConfiguration;
			buildSettings = {
				ALWAYS_SEARCH_USER_PATHS = NO;
				ASSETCATALOG_COMPILER_GENERATE_SWIFT_ASSET_SYMBOL_EXTENSIONS = YES;
				CLANG_ANALYZER_NONNULL = YES;
				CLANG_ANALYZER_NUMBER_OBJECT_CONVERSION = YES_AGGRESSIVE;
				CLANG_CXX_LANGUAGE_STANDARD = "gnu++20";
				CLANG_ENABLE_MODULES = YES;
				CLANG_ENABLE_OBJC_ARC = YES;
				CLANG_ENABLE_OBJC_WEAK = YES;
				CLANG_WARN_BLOCK_CAPTURE_AUTORELEASING = YES;
				CLANG_WARN_BOOL_CONVERSION = YES;
				CLANG_WARN_COMMA = YES;
				CLANG_WARN_CONSTANT_CONVERSION = YES;
				CLANG_WARN_DEPRECATED_OBJC_IMPLEMENTATIONS = YES;
				CLANG_WARN_DIRECT_OBJC_ISA_USAGE = YES_ERROR;
				CLANG_WARN_DOCUMENTATION_COMMENTS = YES;
				CLANG_WARN_EMPTY_BODY = YES;
				CLANG_WARN_ENUM_CONVERSION = YES;
				CLANG_WARN_INFINITE_RECURSION = YES;
				CLANG_WARN_INT_CONVERSION = YES;
				CLANG_WARN_NON_LITERAL_NULL_CONVERSION = YES;
				CLANG_WARN_OBJC_IMPLICIT_RETAIN_SELF = YES;
				CLANG_WARN_OBJC_LITERAL_CONVERSION = YES;
				CLANG_WARN_OBJC_ROOT_CLASS = YES_ERROR;
				CLANG_WARN_QUOTED_INCLUDE_IN_FRAMEWORK_HEADER = YES;
				CLANG_WARN_RANGE_LOOP_ANALYSIS = YES;
				CLANG_WARN_STRICT_PROTOTYPES = YES;
				CLANG_WARN_SUSPICIOUS_MOVE = YES;
				CLANG_WARN_UNGUARDED_AVAILABILITY = YES_AGGRESSIVE;
				CLANG_WARN_UNREACHABLE_CODE = YES;
				CLANG_WARN__DUPLICATE_METHOD_MATCH = YES;
				COPY_PHASE_STRIP = NO;
				DEBUG_INFORMATION_FORMAT = dwarf;
				ENABLE_STRICT_OBJC_MSGSEND = YES;
				ENABLE_TESTABILITY = YES;
				ENABLE_USER_SCRIPT_SANDBOXING = YES;
				GCC_C_LANGUAGE_STANDARD = gnu17;
				GCC_DYNAMIC_NO_PIC = NO;
				GCC_NO_COMMON_BLOCKS = YES;
				GCC_OPTIMIZATION_LEVEL = 0;
				GCC_PREPROCESSOR_DEFINITIONS = (
					"DEBUG=1",
					"$(inherited)",
				);
				GCC_WARN_64_TO_32_BIT_CONVERSION = YES;
				GCC_WARN_ABOUT_RETURN_TYPE = YES_ERROR;
				GCC_WARN_UNDECLARED_SELECTOR = YES;
				GCC_WARN_UNINITIALIZED_AUTOS = YES_AGGRESSIVE;
				GCC_WARN_UNUSED_FUNCTION = YES;
				GCC_WARN_UNUSED_VARIABLE = YES;
				IPHONEOS_DEPLOYMENT_TARGET = 17.4;
				LOCALIZATION_PREFERS_STRING_CATALOGS = YES;
				MTL_ENABLE_DEBUG_INFO = INCLUDE_SOURCE;
				MTL_FAST_MATH = YES;
				ONLY_ACTIVE_ARCH = YES;
				SDKROOT = iphoneos;
				SWIFT_ACTIVE_COMPILATION_CONDITIONS = "DEBUG $(inherited)";
				SWIFT_OPTIMIZATION_LEVEL = "-Onone";
			};
			name = Debug;
		};
		4679C6FD2BFA4F6C009FCCAF /* Release */ = {
			isa = XCBuildConfiguration;
			buildSettings = {
				ALWAYS_SEARCH_USER_PATHS = NO;
				ASSETCATALOG_COMPILER_GENERATE_SWIFT_ASSET_SYMBOL_EXTENSIONS = YES;
				CLANG_ANALYZER_NONNULL = YES;
				CLANG_ANALYZER_NUMBER_OBJECT_CONVERSION = YES_AGGRESSIVE;
				CLANG_CXX_LANGUAGE_STANDARD = "gnu++20";
				CLANG_ENABLE_MODULES = YES;
				CLANG_ENABLE_OBJC_ARC = YES;
				CLANG_ENABLE_OBJC_WEAK = YES;
				CLANG_WARN_BLOCK_CAPTURE_AUTORELEASING = YES;
				CLANG_WARN_BOOL_CONVERSION = YES;
				CLANG_WARN_COMMA = YES;
				CLANG_WARN_CONSTANT_CONVERSION = YES;
				CLANG_WARN_DEPRECATED_OBJC_IMPLEMENTATIONS = YES;
				CLANG_WARN_DIRECT_OBJC_ISA_USAGE = YES_ERROR;
				CLANG_WARN_DOCUMENTATION_COMMENTS = YES;
				CLANG_WARN_EMPTY_BODY = YES;
				CLANG_WARN_ENUM_CONVERSION = YES;
				CLANG_WARN_INFINITE_RECURSION = YES;
				CLANG_WARN_INT_CONVERSION = YES;
				CLANG_WARN_NON_LITERAL_NULL_CONVERSION = YES;
				CLANG_WARN_OBJC_IMPLICIT_RETAIN_SELF = YES;
				CLANG_WARN_OBJC_LITERAL_CONVERSION = YES;
				CLANG_WARN_OBJC_ROOT_CLASS = YES_ERROR;
				CLANG_WARN_QUOTED_INCLUDE_IN_FRAMEWORK_HEADER = YES;
				CLANG_WARN_RANGE_LOOP_ANALYSIS = YES;
				CLANG_WARN_STRICT_PROTOTYPES = YES;
				CLANG_WARN_SUSPICIOUS_MOVE = YES;
				CLANG_WARN_UNGUARDED_AVAILABILITY = YES_AGGRESSIVE;
				CLANG_WARN_UNREACHABLE_CODE = YES;
				CLANG_WARN__DUPLICATE_METHOD_MATCH = YES;
				COPY_PHASE_STRIP = NO;
				DEBUG_INFORMATION_FORMAT = "dwarf-with-dsym";
				ENABLE_NS_ASSERTIONS = NO;
				ENABLE_STRICT_OBJC_MSGSEND = YES;
				ENABLE_USER_SCRIPT_SANDBOXING = YES;
				GCC_C_LANGUAGE_STANDARD = gnu17;
				GCC_NO_COMMON_BLOCKS = YES;
				GCC_WARN_64_TO_32_BIT_CONVERSION = YES;
				GCC_WARN_ABOUT_RETURN_TYPE = YES_ERROR;
				GCC_WARN_UNDECLARED_SELECTOR = YES;
				GCC_WARN_UNINITIALIZED_AUTOS = YES_AGGRESSIVE;
				GCC_WARN_UNUSED_FUNCTION = YES;
				GCC_WARN_UNUSED_VARIABLE = YES;
				IPHONEOS_DEPLOYMENT_TARGET = 17.4;
				LOCALIZATION_PREFERS_STRING_CATALOGS = YES;
				MTL_ENABLE_DEBUG_INFO = NO;
				MTL_FAST_MATH = YES;
				SDKROOT = iphoneos;
				SWIFT_COMPILATION_MODE = wholemodule;
				VALIDATE_PRODUCT = YES;
			};
			name = Release;
		};
		4679C6FF2BFA4F6C009FCCAF /* Debug */ = {
			isa = XCBuildConfiguration;
			buildSettings = {
				ASSETCATALOG_COMPILER_APPICON_NAME = AppIcon;
				ASSETCATALOG_COMPILER_GLOBAL_ACCENT_COLOR_NAME = AccentColor;
				CODE_SIGN_STYLE = Automatic;
				CURRENT_PROJECT_VERSION = 1;
				DEVELOPMENT_TEAM = 33DZZMR48N;
				GENERATE_INFOPLIST_FILE = YES;
				INFOPLIST_FILE = Note/Info.plist;
				INFOPLIST_KEY_UIApplicationSupportsIndirectInputEvents = YES;
				INFOPLIST_KEY_UILaunchStoryboardName = LaunchScreen;
				INFOPLIST_KEY_UISupportedInterfaceOrientations_iPad = "UIInterfaceOrientationPortrait UIInterfaceOrientationPortraitUpsideDown UIInterfaceOrientationLandscapeLeft UIInterfaceOrientationLandscapeRight";
				INFOPLIST_KEY_UISupportedInterfaceOrientations_iPhone = "UIInterfaceOrientationPortrait UIInterfaceOrientationLandscapeLeft UIInterfaceOrientationLandscapeRight";
				IPHONEOS_DEPLOYMENT_TARGET = 13.0;
				LD_RUNPATH_SEARCH_PATHS = (
					"$(inherited)",
					"@executable_path/Frameworks",
				);
				MARKETING_VERSION = 1.0;
				PRODUCT_BUNDLE_IDENTIFIER = com.myCompany.Note;
				PRODUCT_NAME = "$(TARGET_NAME)";
				SWIFT_EMIT_LOC_STRINGS = YES;
				SWIFT_VERSION = 5.0;
				TARGETED_DEVICE_FAMILY = "1,2";
			};
			name = Debug;
		};
		4679C7002BFA4F6C009FCCAF /* Release */ = {
			isa = XCBuildConfiguration;
			buildSettings = {
				ASSETCATALOG_COMPILER_APPICON_NAME = AppIcon;
				ASSETCATALOG_COMPILER_GLOBAL_ACCENT_COLOR_NAME = AccentColor;
				CODE_SIGN_STYLE = Automatic;
				CURRENT_PROJECT_VERSION = 1;
				DEVELOPMENT_TEAM = 33DZZMR48N;
				GENERATE_INFOPLIST_FILE = YES;
				INFOPLIST_FILE = Note/Info.plist;
				INFOPLIST_KEY_UIApplicationSupportsIndirectInputEvents = YES;
				INFOPLIST_KEY_UILaunchStoryboardName = LaunchScreen;
				INFOPLIST_KEY_UISupportedInterfaceOrientations_iPad = "UIInterfaceOrientationPortrait UIInterfaceOrientationPortraitUpsideDown UIInterfaceOrientationLandscapeLeft UIInterfaceOrientationLandscapeRight";
				INFOPLIST_KEY_UISupportedInterfaceOrientations_iPhone = "UIInterfaceOrientationPortrait UIInterfaceOrientationLandscapeLeft UIInterfaceOrientationLandscapeRight";
				IPHONEOS_DEPLOYMENT_TARGET = 13.0;
				LD_RUNPATH_SEARCH_PATHS = (
					"$(inherited)",
					"@executable_path/Frameworks",
				);
				MARKETING_VERSION = 1.0;
				PRODUCT_BUNDLE_IDENTIFIER = com.myCompany.Note;
				PRODUCT_NAME = "$(TARGET_NAME)";
				SWIFT_EMIT_LOC_STRINGS = YES;
				SWIFT_VERSION = 5.0;
				TARGETED_DEVICE_FAMILY = "1,2";
			};
			name = Release;
		};
/* End XCBuildConfiguration section */

/* Begin XCConfigurationList section */
		4679C6E52BFA4F6A009FCCAF /* Build configuration list for PBXProject "Note" */ = {
			isa = XCConfigurationList;
			buildConfigurations = (
				4679C6FC2BFA4F6C009FCCAF /* Debug */,
				4679C6FD2BFA4F6C009FCCAF /* Release */,
			);
			defaultConfigurationIsVisible = 0;
			defaultConfigurationName = Release;
		};
		4679C6FE2BFA4F6C009FCCAF /* Build configuration list for PBXNativeTarget "Note" */ = {
			isa = XCConfigurationList;
			buildConfigurations = (
				4679C6FF2BFA4F6C009FCCAF /* Debug */,
				4679C7002BFA4F6C009FCCAF /* Release */,
			);
			defaultConfigurationIsVisible = 0;
			defaultConfigurationName = Release;
		};
/* End XCConfigurationList section */
	};
	rootObject = 4679C6E22BFA4F6A009FCCAF /* Project object */;
}
